# This file is autogenerated, do not edit; changes may be undone by the next 'dep ensure'.


[[projects]]
  digest = "1:e47ef65c4d3a37884ab29fb4b5c31e826c8fba04caf81da45607d3fba022f7d7"
  name = "github.com/fsnotify/fsnotify"
  packages = ["."]
  pruneopts = ""
  revision = "45d7d09e39ef4ac08d493309fa031790c15bfe8a"
  version = "v1.4.9"

[[projects]]
  digest = "1:d14365c51dd1d34d5c79833ec91413bfbb166be978724f15701e17080dc06dec"
  name = "github.com/hashicorp/hcl"
  packages = [
    ".",
    "hcl/ast",
    "hcl/parser",
    "hcl/printer",
    "hcl/scanner",
    "hcl/strconv",
    "hcl/token",
    "json/parser",
    "json/scanner",
    "json/token",
  ]
  pruneopts = ""
  revision = "8cb6e5b959231cc1119e43259c4a608f9c51a241"
  version = "v1.0.0"

[[projects]]
  digest = "1:870d441fe217b8e689d7949fef6e43efbc787e50f200cb1e70dbca9204a1d6be"
  name = "github.com/inconshreveable/mousetrap"
  packages = ["."]
  pruneopts = ""
  revision = "76626ae9c91c4f2a10f34cad8ce83ea42c93bb75"
  version = "v1.0"

[[projects]]
  digest = "1:bc1620e5da7b137ec9b19834fedd16ad491c68c29fa2bf075b0eeec9c447556d"
  name = "github.com/konsorten/go-windows-terminal-sequences"
  packages = ["."]
  pruneopts = ""
  revision = "edb144dfd453055e1e49a3d8b410a660b5a87613"
  version = "v1.0.3"

[[projects]]
  digest = "1:92bba9879d61c2a473358a280c94b07499fa562cb700e7934eb195c18fa1b306"
  name = "github.com/magefile/mage"
  packages = ["mg"]
  pruneopts = ""
  revision = "9a10961401323a8a888d46e35d5a59d7433e092b"
  version = "v1.10.0"

[[projects]]
  digest = "1:cea98c25878efd0fa43fc762a8e33dd8ab13c5a62717107626b2ba610733ab2c"
  name = "github.com/magiconair/properties"
  packages = ["."]
  pruneopts = ""
  revision = "fb997392a7e693835970429956b62f6bbf19b3fd"
  version = "v1.8.2"

[[projects]]
  digest = "1:8871abddc1a4e30c0356055f65a3909a73b8847ca1e97e286a9ff7f5df8b92a2"
  name = "github.com/mitchellh/mapstructure"
  packages = ["."]
  pruneopts = ""
  revision = "9e1e4717f8567d7ead72d070d064ad17d444a67e"
  version = "v1.3.3"

[[projects]]
  digest = "1:3d899fe7ce211d8c9d44058df04c309b440acda454a4b46bab3dc5d907e5a301"
  name = "github.com/pelletier/go-toml"
  packages = ["."]
  pruneopts = ""
  revision = "16c9a8bdc086a2130a88eff98df4088e4c359bb2"
  version = "v1.8.0"

[[projects]]
  digest = "1:c45802472e0c06928cd997661f2af610accd85217023b1d5f6331bebce0671d3"
  name = "github.com/pkg/errors"
  packages = ["."]
  pruneopts = ""
  revision = "614d223910a179a466c1767a985424175c39b465"
  version = "v0.9.1"

[[projects]]
  digest = "1:f1ce6edca10c753e86727ef53ee19c4e83969d259a8dd9eb453bc3e3002d82d5"
  name = "github.com/sirupsen/logrus"
  packages = ["."]
  pruneopts = ""
  revision = "60c74ad9be0d874af0ab0daef6ab07c5c5911f0d"
  version = "v1.6.0"

[[projects]]
  digest = "1:4a3cf81720f3e71c6f20c37f5f7f59f7af67b5a96a76336c6ffcea33852672ef"
  name = "github.com/spf13/afero"
  packages = [
    ".",
    "mem",
  ]
  pruneopts = ""
  revision = "799ff74c0fd7e7df974e6ffa1c94e3d206f5673b"
  version = "v1.3.4"

[[projects]]
  digest = "1:0a3d8f7dc17afdc30a5a5becb45fb91ff28aaa64645c69836ccd600d88e9ed9e"
  name = "github.com/spf13/cast"
  packages = ["."]
  pruneopts = ""
  revision = "1ffadf551085444af981432dd0f6d1160c11ec64"
  version = "v1.3.1"

[[projects]]
  digest = "1:bff75d4f1a2d2c4b8f4b46ff5ac230b80b5fa49276f615900cba09fe4c97e66e"
  name = "github.com/spf13/cobra"
  packages = ["."]
  pruneopts = ""
  revision = "a684a6d7f5e37385d954dd3b5a14fc6912c6ab9d"
  version = "v1.0.0"

[[projects]]
  digest = "1:cc15ae4fbdb02ce31f3392361a70ac041f4f02e0485de8ffac92bd8033e3d26e"
  name = "github.com/spf13/jwalterweatherman"
  packages = ["."]
  pruneopts = ""
  revision = "94f6ae3ed3bceceafa716478c5fbf8d29ca601a1"
  version = "v1.1.0"

[[projects]]
  digest = "1:688428eeb1ca80d92599eb3254bdf91b51d7e232fead3a73844c1f201a281e51"
  name = "github.com/spf13/pflag"
  packages = ["."]
  pruneopts = ""
  revision = "2e9d26c8c37aae03e3f9d4e90b7116f5accb7cab"
  version = "v1.0.5"

[[projects]]
  digest = "1:59d1e705705ae641cfa4be5eaddda5f04c8c7654f08808a8eb552f6b094996e3"
  name = "github.com/spf13/viper"
  packages = ["."]
  pruneopts = ""
  revision = "3826be313591f83193f048520482a7b3cf17d506"
  version = "v1.7.1"

[[projects]]
  digest = "1:e818a738c880c5571b3817e9173add5c598a90f8615fa7a9bafc23fea774a603"
  name = "github.com/subosito/gotenv"
  packages = ["."]
  pruneopts = ""
  revision = "2ef7124db659d49edac6aa459693a15ae36c671a"
  version = "v1.2.0"

[[projects]]
  branch = "master"
  digest = "1:678eb8275bb8e3394737d136f55da106956c699fb4ccc3e72aa115123cd28d0d"
  name = "golang.org/x/crypto"
  packages = [
    "bcrypt",
    "blowfish",
    "ssh/terminal",
  ]
  pruneopts = ""
  revision = "5c72a883971a4325f8c62bf07b6d38c20ea47a6a"

[[projects]]
  branch = "master"
  digest = "1:e6ca5e605d7f2246795405e8fc66020fed675d0061572bd71d96b3416a46ac32"
  name = "golang.org/x/net"
  packages = [
    "webdav",
    "webdav/internal/xml",
  ]
  pruneopts = ""
  revision = "c89045814202410a2d67ec20ecf177ec77ceae7f"

[[projects]]
  branch = "master"
  digest = "1:fad4224b6f9c76e4647c5a13333b8ebc36628dc66cf4c5ca2bc1f4b198acf518"
  name = "golang.org/x/sys"
  packages = [
    "internal/unsafeheader",
    "unix",
    "windows",
  ]
  pruneopts = ""
  revision = "c12d262b63d83031f2db2f528267f9a4f58e2775"

[[projects]]
  digest = "1:fccda34e4c58111b1908d8d69bf8d57c41c8e2542bc18ec8cd38c4fa21057f71"
  name = "golang.org/x/text"
  packages = [
    "internal/gen",
    "internal/triegen",
    "internal/ucd",
    "transform",
    "unicode/cldr",
    "unicode/norm",
  ]
  pruneopts = ""
  revision = "23ae387dee1f90d29a23c0e87ee0b46038fbed0e"
  version = "v0.3.3"

[[projects]]
  digest = "1:b868491a9289cc85ca156ae28fa841e807c10d79117cffdd8f31ad058471e4d0"
  name = "gopkg.in/ini.v1"
  packages = ["."]
  pruneopts = ""
  revision = "31bf7ce993789a820a2e3ab2a27f719332a504c9"
  version = "v1.60.1"

[[projects]]
  digest = "1:43eca683d801087f3acacfd036474638bc5e293ff6078758d710d99c40ec3f7c"
  name = "gopkg.in/yaml.v2"
  packages = ["."]
  pruneopts = ""
  revision = "0b1645d91e851e735d3e23330303ce81f70adbe3"
  version = "v2.3.0"

[solve-meta]
  analyzer-name = "dep"
  analyzer-version = 1
  input-imports = [
    "github.com/fsnotify/fsnotify",
    "github.com/magefile/mage/mg",
    "github.com/pkg/errors",
    "github.com/sirupsen/logrus",
    "github.com/spf13/cobra",
    "github.com/spf13/viper",
    "golang.org/x/crypto/bcrypt",
    "golang.org/x/crypto/ssh/terminal",
    "golang.org/x/net/webdav",
  ]
  solver-name = "gps-cdcl"
  solver-version = 1
