# This file is autogenerated, do not edit; changes may be undone by the next 'dep ensure'.


[[projects]]
  branch = "master"
  name = "golang.org/x/net"
  packages = ["context","webdav","webdav/internal/xml"]
  revision = "61147c48b25b599e5b561d2e9c4f3e1ef489ca41"

[solve-meta]
  analyzer-name = "dep"
  analyzer-version = 1
  inputs-digest = "75aa6455008c8c6d06a98a51811e64bea0bf5428a0b53a5171e5885f7e9bdfa7"
  solver-name = "gps-cdcl"
  solver-version = 1
